{"1.1.0",
[{<<"cowboy">>,{pkg,<<"cowboy">>,<<"2.3.0">>},1},
 {<<"cowlib">>,{pkg,<<"cowlib">>,<<"2.2.1">>},2},
 {<<"ct_auth">>,
  {git,"https://github.com/CargoTube/ct_auth.git",
       {ref,"48320b54342f251936a326ca3b082cec38b2d1cc"}},
  1},
 {<<"ct_gate">>,
  {git,"https://github.com/CargoTube/ct_gate.git",
       {ref,"b1f06239c85dc5e50e187680dc92707d4218b5a4"}},
  0},
 {<<"ct_msg">>,
  {git,"https://github.com/CargoTube/ct_msg.git",
       {ref,"aec43bf7e3c8fee9e04c1ef4d53a58c9dc7abafa"}},
  0},
 {<<"ct_router">>,
  {git,"https://github.com/CargoTube/ct_router.git",
       {ref,"3b46b1b1c73446119f96f1763ad114955cbf555c"}},
  0},
 {<<"ct_router_if">>,
  {git,"https://github.com/CargoTube/ct_router_if.git",
       {ref,"c9a890efec44d41d7059fb941a656ca81a06d256"}},
  0},
 {<<"eper">>,{pkg,<<"eper">>,<<"0.94.0">>},1},
 {<<"goldrush">>,{pkg,<<"goldrush">>,<<"0.1.9">>},2},
 {<<"jobs">>,{pkg,<<"jobs">>,<<"0.7.1">>},1},
 {<<"jsone">>,{pkg,<<"jsone">>,<<"1.4.1">>},1},
 {<<"lager">>,{pkg,<<"lager">>,<<"3.5.1">>},1},
 {<<"msgpack">>,{pkg,<<"msgpack">>,<<"0.7.0">>},1},
 {<<"parse_trans">>,{pkg,<<"parse_trans">>,<<"3.0.0">>},2},
 {<<"ranch">>,{pkg,<<"ranch">>,<<"1.4.0">>},1}]}.
[
{pkg_hash,[
 {<<"cowboy">>, <<"268429481D6F41AD5564ADE4A2439C284B569083FCA0D19078AD4F56B4624724">>},
 {<<"cowlib">>, <<"1AFA5B233CEE8F642C153EC6F1DC48DB0DD9A43E2114BC8B43E9D59636F6AE1F">>},
 {<<"eper">>, <<"F5FB2DAA0DF8878748E1C598428EDA942A173E5121FF35C1D632129B84593A3A">>},
 {<<"goldrush">>, <<"F06E5D5F1277DA5C413E84D5A2924174182FB108DABB39D5EC548B27424CD106">>},
 {<<"jobs">>, <<"132E4BED856CE774B008B31C1AA809C17FA6C2C20BE03E010ACE273CA057A5DE">>},
 {<<"jsone">>, <<"10ECFB2E2FD216D6451AF71CF14F276E063A096E15B685DE7535FD680466C9B5">>},
 {<<"lager">>, <<"63897A61AF646C59BB928FEE9756CE8BDD02D5A1A2F3551D4A5E38386C2CC071">>},
 {<<"msgpack">>, <<"128AE0A2227C7E7A2847C0F0F73551C268464F8C1EE96BFFB920BC0A5712B295">>},
 {<<"parse_trans">>, <<"9E96B1C9C3A0DF54E7B76F8F685D38BFA1EB21B31E042B1D1A5A70258E4DB1E3">>},
 {<<"ranch">>, <<"10272F95DA79340FA7E8774BA7930B901713D272905D0012B06CA6D994F8826B">>}]}
].
